
Microsoft Visual Studio Solution File, Format Version 12.00
# Visual Studio Version 17
VisualStudioVersion = 17.3.32922.545
MinimumVisualStudioVersion = 10.0.40219.1
Project("{FAE04EC0-301F-11D3-BF4B-00C04F79EFBC}") = "JeuDontOnEstLeHerosNG.Web", "JeuDontOnEstLeHerosNG\JeuDontOnEstLeHerosNG.Web.csproj", "{74DF7070-D372-4CB6-BC9C-36433DD8AB4E}"
EndProject
Project("{FAE04EC0-301F-11D3-BF4B-00C04F79EFBC}") = "JeuDontOnEstLeHerosNG.Data", "JeuDontOnEstLeHerosNG.Data\JeuDontOnEstLeHerosNG.Data.csproj", "{0ED081EB-6875-43F7-9349-0EBACAA4D8A0}"
EndProject
Project("{FAE04EC0-301F-11D3-BF4B-00C04F79EFBC}") = "JeuDontOnEstLeHerosNG.Infra", "JeuDontOnEstLeHerosNG.Infra\JeuDontOnEstLeHerosNG.Infra.csproj", "{8359AD85-56AD-4FE5-8896-2246AB9882D4}"
EndProject
Global
	GlobalSection(SolutionConfigurationPlatforms) = preSolution
		Debug|Any CPU = Debug|Any CPU
		Release|Any CPU = Release|Any CPU
	EndGlobalSection
	GlobalSection(ProjectConfigurationPlatforms) = postSolution
		{74DF7070-D372-4CB6-BC9C-36433DD8AB4E}.Debug|Any CPU.ActiveCfg = Debug|Any CPU
		{74DF7070-D372-4CB6-BC9C-36433DD8AB4E}.Debug|Any CPU.Build.0 = Debug|Any CPU
		{74DF7070-D372-4CB6-BC9C-36433DD8AB4E}.Release|Any CPU.ActiveCfg = Release|Any CPU
		{74DF7070-D372-4CB6-BC9C-36433DD8AB4E}.Release|Any CPU.Build.0 = Release|Any CPU
		{0ED081EB-6875-43F7-9349-0EBACAA4D8A0}.Debug|Any CPU.ActiveCfg = Debug|Any CPU
		{0ED081EB-6875-43F7-9349-0EBACAA4D8A0}.Debug|Any CPU.Build.0 = Debug|Any CPU
		{0ED081EB-6875-43F7-9349-0EBACAA4D8A0}.Release|Any CPU.ActiveCfg = Release|Any CPU
		{0ED081EB-6875-43F7-9349-0EBACAA4D8A0}.Release|Any CPU.Build.0 = Release|Any CPU
		{8359AD85-56AD-4FE5-8896-2246AB9882D4}.Debug|Any CPU.ActiveCfg = Debug|Any CPU
		{8359AD85-56AD-4FE5-8896-2246AB9882D4}.Debug|Any CPU.Build.0 = Debug|Any CPU
		{8359AD85-56AD-4FE5-8896-2246AB9882D4}.Release|Any CPU.ActiveCfg = Release|Any CPU
		{8359AD85-56AD-4FE5-8896-2246AB9882D4}.Release|Any CPU.Build.0 = Release|Any CPU
	EndGlobalSection
	GlobalSection(SolutionProperties) = preSolution
		HideSolutionNode = FALSE
	EndGlobalSection
	GlobalSection(ExtensibilityGlobals) = postSolution
		SolutionGuid = {C823EBAB-5C80-4D83-8EED-1B872FC5DE65}
	EndGlobalSection
EndGlobal
